PODS:
  - Kingfisher (3.1.4)
  - PhotoBrowserKit (0.1.1):
    - Kingfisher (~> 3.1.0)

DEPENDENCIES:
  - Kingfisher (~> 3.1.0)
  - PhotoBrowserKit (from `../`)

EXTERNAL SOURCES:
  PhotoBrowserKit:
    :path: ../

SPEC CHECKSUMS:
  Kingfisher: 6c67e3e57f2d81a9cfdfa25052cd86f33ceac9bb
  PhotoBrowserKit: b030c6ea10b858272c62571c84ee1b23418d14c3

PODFILE CHECKSUM: 05b23dc2ad3db462cb7bfa584d84dc3de6ffaf37

COCOAPODS: 1.2.1
